
Microsoft Visual Studio Solution File, Format Version 12.00
# Visual Studio Version 16
VisualStudioVersion = 16.0.30907.101
MinimumVisualStudioVersion = 10.0.40219.1
Project("{FAE04EC0-301F-11D3-BF4B-00C04F79EFBC}") = "P3_CoinToss", "P3_CoinToss\P3_CoinToss.csproj", "{531772D9-E59F-4279-8A50-610B65428950}"
EndProject
Global
	GlobalSection(SolutionConfigurationPlatforms) = preSolution
		Debug|Any CPU = Debug|Any CPU
		Release|Any CPU = Release|Any CPU
	EndGlobalSection
	GlobalSection(ProjectConfigurationPlatforms) = postSolution
		{531772D9-E59F-4279-8A50-610B65428950}.Debug|Any CPU.ActiveCfg = Debug|Any CPU
		{531772D9-E59F-4279-8A50-610B65428950}.Debug|Any CPU.Build.0 = Debug|Any CPU
		{531772D9-E59F-4279-8A50-610B65428950}.Release|Any CPU.ActiveCfg = Release|Any CPU
		{531772D9-E59F-4279-8A50-610B65428950}.Release|Any CPU.Build.0 = Release|Any CPU
	EndGlobalSection
	GlobalSection(SolutionProperties) = preSolution
		HideSolutionNode = FALSE
	EndGlobalSection
	GlobalSection(ExtensibilityGlobals) = postSolution
		SolutionGuid = {AF72E7FD-E1D9-49EF-845B-F7394BF44A4D}
	EndGlobalSection
EndGlobal
